{
  "requires": true,
  "lockfileVersion": 1,
  "dependencies": {
    "colors": {
      "version": "0.6.2",
      "resolved": "https://registry.npmjs.org/colors/-/colors-0.6.2.tgz",
      "integrity": "sha1-JCP+ZnisDF2uiFLl0OW+CMmXq8w="
    },
    "minimist": {
      "version": "0.0.10",
      "resolved": "https://registry.npmjs.org/minimist/-/minimist-0.0.10.tgz",
      "integrity": "sha1-3j+YVD2/lggr5IrRoMfNqDYwHc8="
    },
    "mkdirp": {
      "version": "0.3.5",
      "resolved": "https://registry.npmjs.org/mkdirp/-/mkdirp-0.3.5.tgz",
      "integrity": "sha1-3j5fiWHIjHh+4TaN+EmsRBPsqNc="
    },
    "node-sass": {
      "version": "0.6.7",
      "resolved": "https://registry.npmjs.org/node-sass/-/node-sass-0.6.7.tgz",
      "integrity": "sha1-iK+9rSs59UitOWzoREyoz1RVVm8=",
      "requires": {
        "colors": "0.6.0-1",
        "mkdirp": "0.3.x",
        "node-watch": "0.3.x",
        "optimist": "0.6.x"
      },
      "dependencies": {
        "colors": {
          "version": "0.6.0-1",
          "resolved": "https://registry.npmjs.org/colors/-/colors-0.6.0-1.tgz",
          "integrity": "sha1-bbtozri8YPKzE9zFzhWZ8G0Z5no="
        }
      }
    },
    "node-sass-cli": {
      "version": "0.0.4",
      "resolved": "https://registry.npmjs.org/node-sass-cli/-/node-sass-cli-0.0.4.tgz",
      "integrity": "sha1-3DP3gn1p5Q6QJy2c62v2dLjukls=",
      "requires": {
        "colors": "~0.6.2",
        "node-sass": "~0.6.4",
        "optimist": "~0.6.0",
        "watch": "~0.8.0"
      }
    },
    "node-watch": {
      "version": "0.3.5",
      "resolved": "https://registry.npmjs.org/node-watch/-/node-watch-0.3.5.tgz",
      "integrity": "sha1-oH8lOk9TjenUylIt1/GZbu7A2X4="
    },
    "optimist": {
      "version": "0.6.1",
      "resolved": "https://registry.npmjs.org/optimist/-/optimist-0.6.1.tgz",
      "integrity": "sha1-2j6nRob6IaGaERwybpDrFaAZZoY=",
      "requires": {
        "minimist": "~0.0.1",
        "wordwrap": "~0.0.2"
      }
    },
    "watch": {
      "version": "0.8.0",
      "resolved": "https://registry.npmjs.org/watch/-/watch-0.8.0.tgz",
      "integrity": "sha1-G7DupT3v5uYh6cjGPANYAH7L28w="
    },
    "wordwrap": {
      "version": "0.0.3",
      "resolved": "https://registry.npmjs.org/wordwrap/-/wordwrap-0.0.3.tgz",
      "integrity": "sha1-o9XabNXAvAAI03I0u68b7WMFkQc="
    }
  }
}
